
Microsoft Visual Studio Solution File, Format Version 12.00
# Visual Studio Version 17
VisualStudioVersion = 17.7.34031.279
MinimumVisualStudioVersion = 10.0.40219.1
Project("{FAE04EC0-301F-11D3-BF4B-00C04F79EFBC}") = "POC.Arbi.ConsoleApp", "Poco.Arbi.ConsoleApp\POC.Arbi.ConsoleApp.csproj", "{0C8DE5D8-3F13-4C7F-B578-18C12F019D46}"
EndProject
Global
	GlobalSection(SolutionConfigurationPlatforms) = preSolution
		Debug|Any CPU = Debug|Any CPU
		Release|Any CPU = Release|Any CPU
	EndGlobalSection
	GlobalSection(ProjectConfigurationPlatforms) = postSolution
		{0C8DE5D8-3F13-4C7F-B578-18C12F019D46}.Debug|Any CPU.ActiveCfg = Debug|Any CPU
		{0C8DE5D8-3F13-4C7F-B578-18C12F019D46}.Debug|Any CPU.Build.0 = Debug|Any CPU
		{0C8DE5D8-3F13-4C7F-B578-18C12F019D46}.Release|Any CPU.ActiveCfg = Release|Any CPU
		{0C8DE5D8-3F13-4C7F-B578-18C12F019D46}.Release|Any CPU.Build.0 = Release|Any CPU
	EndGlobalSection
	GlobalSection(SolutionProperties) = preSolution
		HideSolutionNode = FALSE
	EndGlobalSection
	GlobalSection(ExtensibilityGlobals) = postSolution
		SolutionGuid = {2B3EB919-7E17-4CCA-8645-6B57D2BB9BD9}
	EndGlobalSection
EndGlobal
